%{
  "aws_auth": {:hex, :aws_auth, "0.7.2", "ae67eb824d6f4699759fa6eaa6955008b2f11beafdf3254ec8ab3469d12e6fa3", [:mix], [], "hexpm"},
  "certifi": {:hex, :certifi, "2.5.1", "867ce347f7c7d78563450a18a6a28a8090331e77fa02380b4a21962a65d36ee5", [:rebar3], [{:parse_trans, "~>3.3", [hex: :parse_trans, repo: "hexpm", optional: false]}], "hexpm"},
  "elastic": {:hex, :elastic, "3.5.0", "cebd8529652e9c5f8a6c9b1a69ed82fe2ae9ead1ee1cc1548cf25eb11dcfbcda", [:mix], [{:aws_auth, "~> 0.7.1", [hex: :aws_auth, repo: "hexpm", optional: false]}, {:httpotion, "~> 3.0.2", [hex: :httpotion, repo: "hexpm", optional: false]}, {:jason, "~> 1.1.2", [hex: :jason, repo: "hexpm", optional: false]}], "hexpm"},
  "elasticsearch": {:hex, :elasticsearch, "1.0.0", "626d3fb8e7554d9c93eb18817ae2a3d22c2a4191cc903c4644b1334469b15374", [:mix], [{:httpoison, ">= 0.0.0", [hex: :httpoison, repo: "hexpm", optional: false]}, {:poison, ">= 0.0.0", [hex: :poison, repo: "hexpm", optional: true]}, {:sigaws, "~> 0.7", [hex: :sigaws, repo: "hexpm", optional: true]}, {:vex, "~> 0.6.0", [hex: :vex, repo: "hexpm", optional: false]}], "hexpm"},
  "esx": {:hex, :esx, "0.7.3", "daa44aa9fedbca46ce17d7afdc7ca7fa980e0026ab197fb6749bc4f9678e5e2c", [:mix], [{:ecto, ">= 1.1.0", [hex: :ecto, repo: "hexpm", optional: true]}, {:exjsx, ">= 3.0.0", [hex: :exjsx, repo: "hexpm", optional: false]}, {:httpoison, ">= 0.7.0", [hex: :httpoison, repo: "hexpm", optional: false]}, {:poison, ">= 1.2.0", [hex: :poison, repo: "hexpm", optional: false]}, {:poolboy, ">= 1.0.0 and < 2.0.0", [hex: :poolboy, repo: "hexpm", optional: false]}], "hexpm"},
  "exjsx": {:hex, :exjsx, "4.0.0", "60548841e0212df401e38e63c0078ec57b33e7ea49b032c796ccad8cde794b5c", [:mix], [{:jsx, "~> 2.8.0", [hex: :jsx, repo: "hexpm", optional: false]}], "hexpm"},
  "hackney": {:hex, :hackney, "1.15.1", "9f8f471c844b8ce395f7b6d8398139e26ddca9ebc171a8b91342ee15a19963f4", [:rebar3], [{:certifi, "2.5.1", [hex: :certifi, repo: "hexpm", optional: false]}, {:idna, "6.0.0", [hex: :idna, repo: "hexpm", optional: false]}, {:metrics, "1.0.1", [hex: :metrics, repo: "hexpm", optional: false]}, {:mimerl, "~>1.1", [hex: :mimerl, repo: "hexpm", optional: false]}, {:ssl_verify_fun, "1.1.4", [hex: :ssl_verify_fun, repo: "hexpm", optional: false]}], "hexpm"},
  "honeydew": {:hex, :honeydew, "1.4.3", "f2d976aaf8b9b914a635d2d483f1a71d2f6d8651809474dd5db581953cbebb30", [:mix], [{:ecto, "~> 3.0", [hex: :ecto, repo: "hexpm", optional: true]}], "hexpm"},
  "httpoison": {:hex, :httpoison, "1.5.1", "0f55b5b673b03c5c327dac7015a67cb571b99b631acc0bc1b0b98dcd6b9f2104", [:mix], [{:hackney, "~> 1.8", [hex: :hackney, repo: "hexpm", optional: false]}], "hexpm"},
  "httpotion": {:hex, :httpotion, "3.0.3", "17096ea1a7c0b2df74509e9c15a82b670d66fc4d66e6ef584189f63a9759428d", [:mix], [{:ibrowse, "~> 4.4", [hex: :ibrowse, repo: "hexpm", optional: false]}], "hexpm"},
  "ibrowse": {:hex, :ibrowse, "4.4.1", "2b7d0637b0f8b9b4182de4bd0f2e826a4da2c9b04898b6e15659ba921a8d6ec2", [:rebar3], [], "hexpm"},
  "idna": {:hex, :idna, "6.0.0", "689c46cbcdf3524c44d5f3dde8001f364cd7608a99556d8fbd8239a5798d4c10", [:rebar3], [{:unicode_util_compat, "0.4.1", [hex: :unicode_util_compat, repo: "hexpm", optional: false]}], "hexpm"},
  "jason": {:hex, :jason, "1.1.2", "b03dedea67a99223a2eaf9f1264ce37154564de899fd3d8b9a21b1a6fd64afe7", [:mix], [{:decimal, "~> 1.0", [hex: :decimal, repo: "hexpm", optional: true]}], "hexpm"},
  "jsx": {:hex, :jsx, "2.8.3", "a05252d381885240744d955fbe3cf810504eb2567164824e19303ea59eef62cf", [:mix, :rebar3], [], "hexpm"},
  "meck": {:hex, :meck, "0.8.13", "ffedb39f99b0b99703b8601c6f17c7f76313ee12de6b646e671e3188401f7866", [:rebar3], [], "hexpm"},
  "metrics": {:hex, :metrics, "1.0.1", "25f094dea2cda98213cecc3aeff09e940299d950904393b2a29d191c346a8486", [:rebar3], [], "hexpm"},
  "mimerl": {:hex, :mimerl, "1.2.0", "67e2d3f571088d5cfd3e550c383094b47159f3eee8ffa08e64106cdf5e981be3", [:rebar3], [], "hexpm"},
  "mock": {:hex, :mock, "0.3.3", "42a433794b1291a9cf1525c6d26b38e039e0d3a360732b5e467bfc77ef26c914", [:mix], [{:meck, "~> 0.8.13", [hex: :meck, repo: "hexpm", optional: false]}], "hexpm"},
  "parse_trans": {:hex, :parse_trans, "3.3.0", "09765507a3c7590a784615cfd421d101aec25098d50b89d7aa1d66646bc571c1", [:rebar3], [], "hexpm"},
  "poison": {:hex, :poison, "3.1.0", "d9eb636610e096f86f25d9a46f35a9facac35609a7591b3be3326e99a0484665", [:mix], [], "hexpm"},
  "poolboy": {:hex, :poolboy, "1.5.2", "392b007a1693a64540cead79830443abf5762f5d30cf50bc95cb2c1aaafa006b", [:rebar3], [], "hexpm"},
  "ssl_verify_fun": {:hex, :ssl_verify_fun, "1.1.4", "f0eafff810d2041e93f915ef59899c923f4568f4585904d010387ed74988e77b", [:make, :mix, :rebar3], [], "hexpm"},
  "unicode_util_compat": {:hex, :unicode_util_compat, "0.4.1", "d869e4c68901dd9531385bb0c8c40444ebf624e60b6962d95952775cac5e90cd", [:rebar3], [], "hexpm"},
  "vex": {:hex, :vex, "0.6.0", "4e79b396b2ec18cd909eed0450b19108d9631842598d46552dc05031100b7a56", [:mix], [], "hexpm"},
}
